
Microsoft Visual Studio Solution File, Format Version 12.00
# Visual Studio Version 16
VisualStudioVersion = 16.0.29215.179
MinimumVisualStudioVersion = 10.0.40219.1
Project("{FAE04EC0-301F-11D3-BF4B-00C04F79EFBC}") = "Pa6", "Pa6\Pa6.csproj", "{3CC6B02A-14D4-48E8-8C72-17B28E5BD69C}"
EndProject
Global
	GlobalSection(SolutionConfigurationPlatforms) = preSolution
		Debug|Any CPU = Debug|Any CPU
		Release|Any CPU = Release|Any CPU
	EndGlobalSection
	GlobalSection(ProjectConfigurationPlatforms) = postSolution
		{3CC6B02A-14D4-48E8-8C72-17B28E5BD69C}.Debug|Any CPU.ActiveCfg = Debug|Any CPU
		{3CC6B02A-14D4-48E8-8C72-17B28E5BD69C}.Debug|Any CPU.Build.0 = Debug|Any CPU
		{3CC6B02A-14D4-48E8-8C72-17B28E5BD69C}.Release|Any CPU.ActiveCfg = Release|Any CPU
		{3CC6B02A-14D4-48E8-8C72-17B28E5BD69C}.Release|Any CPU.Build.0 = Release|Any CPU
	EndGlobalSection
	GlobalSection(SolutionProperties) = preSolution
		HideSolutionNode = FALSE
	EndGlobalSection
	GlobalSection(ExtensibilityGlobals) = postSolution
		SolutionGuid = {BA09BD6B-A240-4F22-A09D-DF39E363DD4C}
	EndGlobalSection
EndGlobal
